
Microsoft Visual Studio Solution File, Format Version 12.00
# Visual Studio 15
VisualStudioVersion = 15.0.27130.2027
MinimumVisualStudioVersion = 10.0.40219.1
Project("{2150E333-8FDC-42A3-9474-1A3956D46DE8}") = "UI", "UI", "{119C5B3C-6E51-4A53-82DD-26932D11FDD5}"
EndProject
Project("{2150E333-8FDC-42A3-9474-1A3956D46DE8}") = "Shared", "Shared", "{4491D735-6842-42E0-94A3-90E9A6F4E66A}"
EndProject
Project("{FAE04EC0-301F-11D3-BF4B-00C04F79EFBC}") = "Domain", "Domain\Domain.csproj", "{CFFE39A5-CDD2-4C33-A759-AEA7870893BF}"
EndProject
Project("{FAE04EC0-301F-11D3-BF4B-00C04F79EFBC}") = "Dashboard", "Dashboard\Dashboard.csproj", "{EB8EABC1-F295-4661-96AB-0FFCB7A39901}"
EndProject
Project("{FAE04EC0-301F-11D3-BF4B-00C04F79EFBC}") = "Business", "Business\Business.csproj", "{4AA6622F-21A1-4C65-8824-82DE34DB9577}"
EndProject
Project("{FAE04EC0-301F-11D3-BF4B-00C04F79EFBC}") = "DI", "DI\DI.csproj", "{8A6B88D5-714D-4D6E-BA4C-1BF90AA12666}"
EndProject
Project("{FAE04EC0-301F-11D3-BF4B-00C04F79EFBC}") = "Data", "Data\Data.csproj", "{B27D09B7-C29D-446B-A3E7-6FA48A5F8309}"
EndProject
Project("{2150E333-8FDC-42A3-9474-1A3956D46DE8}") = "Generate", "Generate", "{AD635EF8-C8CB-473D-96D2-618D4154944E}"
EndProject
Project("{FAE04EC0-301F-11D3-BF4B-00C04F79EFBC}") = "ProjectSelector", "ProjectSelector\ProjectSelector.csproj", "{F71A7187-684F-426E-9921-82411260BDCD}"
EndProject
Project("{FAE04EC0-301F-11D3-BF4B-00C04F79EFBC}") = "TemplateContainer", "TemplateContainer\TemplateContainer.csproj", "{05307CBE-5152-4518-BF8A-6E9AB098DBF6}"
EndProject
Project("{FAE04EC0-301F-11D3-BF4B-00C04F79EFBC}") = "SolutionGenerator", "SolutionGenerator\SolutionGenerator.csproj", "{202F5128-6504-46AE-8CC3-DE9D454F2422}"
EndProject
Global
	GlobalSection(SolutionConfigurationPlatforms) = preSolution
		Debug|Any CPU = Debug|Any CPU
		Release|Any CPU = Release|Any CPU
	EndGlobalSection
	GlobalSection(ProjectConfigurationPlatforms) = postSolution
		{CFFE39A5-CDD2-4C33-A759-AEA7870893BF}.Debug|Any CPU.ActiveCfg = Debug|Any CPU
		{CFFE39A5-CDD2-4C33-A759-AEA7870893BF}.Debug|Any CPU.Build.0 = Debug|Any CPU
		{CFFE39A5-CDD2-4C33-A759-AEA7870893BF}.Release|Any CPU.ActiveCfg = Release|Any CPU
		{CFFE39A5-CDD2-4C33-A759-AEA7870893BF}.Release|Any CPU.Build.0 = Release|Any CPU
		{EB8EABC1-F295-4661-96AB-0FFCB7A39901}.Debug|Any CPU.ActiveCfg = Debug|Any CPU
		{EB8EABC1-F295-4661-96AB-0FFCB7A39901}.Debug|Any CPU.Build.0 = Debug|Any CPU
		{EB8EABC1-F295-4661-96AB-0FFCB7A39901}.Release|Any CPU.ActiveCfg = Release|Any CPU
		{EB8EABC1-F295-4661-96AB-0FFCB7A39901}.Release|Any CPU.Build.0 = Release|Any CPU
		{4AA6622F-21A1-4C65-8824-82DE34DB9577}.Debug|Any CPU.ActiveCfg = Debug|Any CPU
		{4AA6622F-21A1-4C65-8824-82DE34DB9577}.Debug|Any CPU.Build.0 = Debug|Any CPU
		{4AA6622F-21A1-4C65-8824-82DE34DB9577}.Release|Any CPU.ActiveCfg = Release|Any CPU
		{4AA6622F-21A1-4C65-8824-82DE34DB9577}.Release|Any CPU.Build.0 = Release|Any CPU
		{8A6B88D5-714D-4D6E-BA4C-1BF90AA12666}.Debug|Any CPU.ActiveCfg = Debug|Any CPU
		{8A6B88D5-714D-4D6E-BA4C-1BF90AA12666}.Debug|Any CPU.Build.0 = Debug|Any CPU
		{8A6B88D5-714D-4D6E-BA4C-1BF90AA12666}.Release|Any CPU.ActiveCfg = Release|Any CPU
		{8A6B88D5-714D-4D6E-BA4C-1BF90AA12666}.Release|Any CPU.Build.0 = Release|Any CPU
		{B27D09B7-C29D-446B-A3E7-6FA48A5F8309}.Debug|Any CPU.ActiveCfg = Debug|Any CPU
		{B27D09B7-C29D-446B-A3E7-6FA48A5F8309}.Debug|Any CPU.Build.0 = Debug|Any CPU
		{B27D09B7-C29D-446B-A3E7-6FA48A5F8309}.Release|Any CPU.ActiveCfg = Release|Any CPU
		{B27D09B7-C29D-446B-A3E7-6FA48A5F8309}.Release|Any CPU.Build.0 = Release|Any CPU
		{F71A7187-684F-426E-9921-82411260BDCD}.Debug|Any CPU.ActiveCfg = Debug|Any CPU
		{F71A7187-684F-426E-9921-82411260BDCD}.Debug|Any CPU.Build.0 = Debug|Any CPU
		{F71A7187-684F-426E-9921-82411260BDCD}.Release|Any CPU.ActiveCfg = Release|Any CPU
		{F71A7187-684F-426E-9921-82411260BDCD}.Release|Any CPU.Build.0 = Release|Any CPU
		{05307CBE-5152-4518-BF8A-6E9AB098DBF6}.Debug|Any CPU.ActiveCfg = Debug|Any CPU
		{05307CBE-5152-4518-BF8A-6E9AB098DBF6}.Debug|Any CPU.Build.0 = Debug|Any CPU
		{05307CBE-5152-4518-BF8A-6E9AB098DBF6}.Release|Any CPU.ActiveCfg = Release|Any CPU
		{05307CBE-5152-4518-BF8A-6E9AB098DBF6}.Release|Any CPU.Build.0 = Release|Any CPU
		{202F5128-6504-46AE-8CC3-DE9D454F2422}.Debug|Any CPU.ActiveCfg = Debug|Any CPU
		{202F5128-6504-46AE-8CC3-DE9D454F2422}.Debug|Any CPU.Build.0 = Debug|Any CPU
		{202F5128-6504-46AE-8CC3-DE9D454F2422}.Release|Any CPU.ActiveCfg = Release|Any CPU
		{202F5128-6504-46AE-8CC3-DE9D454F2422}.Release|Any CPU.Build.0 = Release|Any CPU
	EndGlobalSection
	GlobalSection(SolutionProperties) = preSolution
		HideSolutionNode = FALSE
	EndGlobalSection
	GlobalSection(NestedProjects) = preSolution
		{CFFE39A5-CDD2-4C33-A759-AEA7870893BF} = {4491D735-6842-42E0-94A3-90E9A6F4E66A}
		{EB8EABC1-F295-4661-96AB-0FFCB7A39901} = {119C5B3C-6E51-4A53-82DD-26932D11FDD5}
		{4AA6622F-21A1-4C65-8824-82DE34DB9577} = {4491D735-6842-42E0-94A3-90E9A6F4E66A}
		{8A6B88D5-714D-4D6E-BA4C-1BF90AA12666} = {4491D735-6842-42E0-94A3-90E9A6F4E66A}
		{B27D09B7-C29D-446B-A3E7-6FA48A5F8309} = {4491D735-6842-42E0-94A3-90E9A6F4E66A}
		{F71A7187-684F-426E-9921-82411260BDCD} = {AD635EF8-C8CB-473D-96D2-618D4154944E}
		{05307CBE-5152-4518-BF8A-6E9AB098DBF6} = {AD635EF8-C8CB-473D-96D2-618D4154944E}
		{202F5128-6504-46AE-8CC3-DE9D454F2422} = {AD635EF8-C8CB-473D-96D2-618D4154944E}
	EndGlobalSection
	GlobalSection(ExtensibilityGlobals) = postSolution
		SolutionGuid = {02BFFF15-AACD-4E53-8221-D204CF8852F2}
	EndGlobalSection
EndGlobal
